
Microsoft Visual Studio Solution File, Format Version 12.00
# Visual Studio Version 16
VisualStudioVersion = 16.0.31019.35
MinimumVisualStudioVersion = 10.0.40219.1
Project("{FAE04EC0-301F-11D3-BF4B-00C04F79EFBC}") = "MobTestApp.Android", "MobTestApp\MobTestApp.Android\MobTestApp.Android.csproj", "{514986D7-D785-4D91-981E-B02D8730561E}"
EndProject
Project("{FAE04EC0-301F-11D3-BF4B-00C04F79EFBC}") = "MobTestApp.iOS", "MobTestApp\MobTestApp.iOS\MobTestApp.iOS.csproj", "{5D9404CD-1975-41CF-BEBC-E83ADD51F08C}"
EndProject
Project("{FAE04EC0-301F-11D3-BF4B-00C04F79EFBC}") = "MobTestApp", "MobTestApp\MobTestApp\MobTestApp.csproj", "{970C58E4-4D49-4984-A76E-6499B6DF6D90}"
EndProject
Global
	GlobalSection(SolutionConfigurationPlatforms) = preSolution
		Debug|Any CPU = Debug|Any CPU
		Debug|iPhone = Debug|iPhone
		Debug|iPhoneSimulator = Debug|iPhoneSimulator
		Release|Any CPU = Release|Any CPU
		Release|iPhone = Release|iPhone
		Release|iPhoneSimulator = Release|iPhoneSimulator
	EndGlobalSection
	GlobalSection(ProjectConfigurationPlatforms) = postSolution
		{514986D7-D785-4D91-981E-B02D8730561E}.Debug|Any CPU.ActiveCfg = Debug|Any CPU
		{514986D7-D785-4D91-981E-B02D8730561E}.Debug|Any CPU.Build.0 = Debug|Any CPU
		{514986D7-D785-4D91-981E-B02D8730561E}.Debug|Any CPU.Deploy.0 = Debug|Any CPU
		{514986D7-D785-4D91-981E-B02D8730561E}.Debug|iPhone.ActiveCfg = Debug|Any CPU
		{514986D7-D785-4D91-981E-B02D8730561E}.Debug|iPhone.Build.0 = Debug|Any CPU
		{514986D7-D785-4D91-981E-B02D8730561E}.Debug|iPhone.Deploy.0 = Debug|Any CPU
		{514986D7-D785-4D91-981E-B02D8730561E}.Debug|iPhoneSimulator.ActiveCfg = Debug|Any CPU
		{514986D7-D785-4D91-981E-B02D8730561E}.Debug|iPhoneSimulator.Build.0 = Debug|Any CPU
		{514986D7-D785-4D91-981E-B02D8730561E}.Debug|iPhoneSimulator.Deploy.0 = Debug|Any CPU
		{514986D7-D785-4D91-981E-B02D8730561E}.Release|Any CPU.ActiveCfg = Release|Any CPU
		{514986D7-D785-4D91-981E-B02D8730561E}.Release|Any CPU.Build.0 = Release|Any CPU
		{514986D7-D785-4D91-981E-B02D8730561E}.Release|Any CPU.Deploy.0 = Release|Any CPU
		{514986D7-D785-4D91-981E-B02D8730561E}.Release|iPhone.ActiveCfg = Release|Any CPU
		{514986D7-D785-4D91-981E-B02D8730561E}.Release|iPhone.Build.0 = Release|Any CPU
		{514986D7-D785-4D91-981E-B02D8730561E}.Release|iPhone.Deploy.0 = Release|Any CPU
		{514986D7-D785-4D91-981E-B02D8730561E}.Release|iPhoneSimulator.ActiveCfg = Release|Any CPU
		{514986D7-D785-4D91-981E-B02D8730561E}.Release|iPhoneSimulator.Build.0 = Release|Any CPU
		{514986D7-D785-4D91-981E-B02D8730561E}.Release|iPhoneSimulator.Deploy.0 = Release|Any CPU
		{5D9404CD-1975-41CF-BEBC-E83ADD51F08C}.Debug|Any CPU.ActiveCfg = Debug|iPhone
		{5D9404CD-1975-41CF-BEBC-E83ADD51F08C}.Debug|Any CPU.Build.0 = Debug|iPhone
		{5D9404CD-1975-41CF-BEBC-E83ADD51F08C}.Debug|Any CPU.Deploy.0 = Debug|iPhone
		{5D9404CD-1975-41CF-BEBC-E83ADD51F08C}.Debug|iPhone.ActiveCfg = Debug|iPhone
		{5D9404CD-1975-41CF-BEBC-E83ADD51F08C}.Debug|iPhone.Build.0 = Debug|iPhone
		{5D9404CD-1975-41CF-BEBC-E83ADD51F08C}.Debug|iPhone.Deploy.0 = Debug|iPhone
		{5D9404CD-1975-41CF-BEBC-E83ADD51F08C}.Debug|iPhoneSimulator.ActiveCfg = Debug|iPhoneSimulator
		{5D9404CD-1975-41CF-BEBC-E83ADD51F08C}.Debug|iPhoneSimulator.Build.0 = Debug|iPhoneSimulator
		{5D9404CD-1975-41CF-BEBC-E83ADD51F08C}.Debug|iPhoneSimulator.Deploy.0 = Debug|iPhoneSimulator
		{5D9404CD-1975-41CF-BEBC-E83ADD51F08C}.Release|Any CPU.ActiveCfg = Release|iPhoneSimulator
		{5D9404CD-1975-41CF-BEBC-E83ADD51F08C}.Release|Any CPU.Build.0 = Release|iPhoneSimulator
		{5D9404CD-1975-41CF-BEBC-E83ADD51F08C}.Release|Any CPU.Deploy.0 = Release|iPhoneSimulator
		{5D9404CD-1975-41CF-BEBC-E83ADD51F08C}.Release|iPhone.ActiveCfg = Release|iPhone
		{5D9404CD-1975-41CF-BEBC-E83ADD51F08C}.Release|iPhone.Build.0 = Release|iPhone
		{5D9404CD-1975-41CF-BEBC-E83ADD51F08C}.Release|iPhone.Deploy.0 = Release|iPhone
		{5D9404CD-1975-41CF-BEBC-E83ADD51F08C}.Release|iPhoneSimulator.ActiveCfg = Release|iPhoneSimulator
		{5D9404CD-1975-41CF-BEBC-E83ADD51F08C}.Release|iPhoneSimulator.Build.0 = Release|iPhoneSimulator
		{5D9404CD-1975-41CF-BEBC-E83ADD51F08C}.Release|iPhoneSimulator.Deploy.0 = Release|iPhoneSimulator
		{970C58E4-4D49-4984-A76E-6499B6DF6D90}.Debug|Any CPU.ActiveCfg = Debug|Any CPU
		{970C58E4-4D49-4984-A76E-6499B6DF6D90}.Debug|Any CPU.Build.0 = Debug|Any CPU
		{970C58E4-4D49-4984-A76E-6499B6DF6D90}.Debug|Any CPU.Deploy.0 = Debug|Any CPU
		{970C58E4-4D49-4984-A76E-6499B6DF6D90}.Debug|iPhone.ActiveCfg = Debug|Any CPU
		{970C58E4-4D49-4984-A76E-6499B6DF6D90}.Debug|iPhone.Build.0 = Debug|Any CPU
		{970C58E4-4D49-4984-A76E-6499B6DF6D90}.Debug|iPhone.Deploy.0 = Debug|Any CPU
		{970C58E4-4D49-4984-A76E-6499B6DF6D90}.Debug|iPhoneSimulator.ActiveCfg = Debug|Any CPU
		{970C58E4-4D49-4984-A76E-6499B6DF6D90}.Debug|iPhoneSimulator.Build.0 = Debug|Any CPU
		{970C58E4-4D49-4984-A76E-6499B6DF6D90}.Debug|iPhoneSimulator.Deploy.0 = Debug|Any CPU
		{970C58E4-4D49-4984-A76E-6499B6DF6D90}.Release|Any CPU.ActiveCfg = Release|Any CPU
		{970C58E4-4D49-4984-A76E-6499B6DF6D90}.Release|Any CPU.Build.0 = Release|Any CPU
		{970C58E4-4D49-4984-A76E-6499B6DF6D90}.Release|Any CPU.Deploy.0 = Release|Any CPU
		{970C58E4-4D49-4984-A76E-6499B6DF6D90}.Release|iPhone.ActiveCfg = Release|Any CPU
		{970C58E4-4D49-4984-A76E-6499B6DF6D90}.Release|iPhone.Build.0 = Release|Any CPU
		{970C58E4-4D49-4984-A76E-6499B6DF6D90}.Release|iPhone.Deploy.0 = Release|Any CPU
		{970C58E4-4D49-4984-A76E-6499B6DF6D90}.Release|iPhoneSimulator.ActiveCfg = Release|Any CPU
		{970C58E4-4D49-4984-A76E-6499B6DF6D90}.Release|iPhoneSimulator.Build.0 = Release|Any CPU
		{970C58E4-4D49-4984-A76E-6499B6DF6D90}.Release|iPhoneSimulator.Deploy.0 = Release|Any CPU
	EndGlobalSection
	GlobalSection(SolutionProperties) = preSolution
		HideSolutionNode = FALSE
	EndGlobalSection
	GlobalSection(ExtensibilityGlobals) = postSolution
		SolutionGuid = {5368D097-A61E-48A1-B53D-4D757825E75E}
	EndGlobalSection
EndGlobal
